{
  "object": {
    "pins": [
      {
        "package": "TipView",
        "repositoryURL": "https://github.com/saddamakhtar88/TipView.git",
        "state": {
          "branch": null,
          "revision": "edef875f0411218f8204ce34402ba8174e2e6556",
          "version": "1.0.0"
        }
      }
    ]
  },
  "version": 1
}
