// !$*UTF8*$!
{
	archiveVersion = 1;
	classes = {
	};
	objectVersion = 48;
	objects = {

/* Begin PBXBuildFile section */
		7215E4841FDF83620068A0A8 /* MessageView.swift in Sources */ = {isa = PBXBuildFile; fileRef = 7215E4831FDF83620068A0A8 /* MessageView.swift */; };
		7215E4861FDF84260068A0A8 /* AnchorView.swift in Sources */ = {isa = PBXBuildFile; fileRef = 7215E4851FDF84260068A0A8 /* AnchorView.swift */; };
		7215E4881FDFFF5A0068A0A8 /* TipViewTransition.swift in Sources */ = {isa = PBXBuildFile; fileRef = 7215E4871FDFFF5A0068A0A8 /* TipViewTransition.swift */; };
		72B64FC81FDE3CC5007745DF /* AppDelegate.swift in Sources */ = {isa = PBXBuildFile; fileRef = 72B64FC71FDE3CC5007745DF /* AppDelegate.swift */; };
		72B64FCA1FDE3CC5007745DF /* ViewController.swift in Sources */ = {isa = PBXBuildFile; fileRef = 72B64FC91FDE3CC5007745DF /* ViewController.swift */; };
		72B64FCD1FDE3CC5007745DF /* Main.storyboard in Resources */ = {isa = PBXBuildFile; fileRef = 72B64FCB1FDE3CC5007745DF /* Main.storyboard */; };
		72B64FCF1FDE3CC5007745DF /* Assets.xcassets in Resources */ = {isa = PBXBuildFile; fileRef = 72B64FCE1FDE3CC5007745DF /* Assets.xcassets */; };
		72B64FD21FDE3CC5007745DF /* LaunchScreen.storyboard in Resources */ = {isa = PBXBuildFile; fileRef = 72B64FD01FDE3CC5007745DF /* LaunchScreen.storyboard */; };
		72B64FDA1FDE3D3B007745DF /* TipView.swift in Sources */ = {isa = PBXBuildFile; fileRef = 72B64FD91FDE3D3B007745DF /* TipView.swift */; };
/* End PBXBuildFile section */

/* Begin PBXFileReference section */
		7215E4831FDF83620068A0A8 /* MessageView.swift */ = {isa = PBXFileReference; lastKnownFileType = sourcecode.swift; path = MessageView.swift; sourceTree = "<group>"; };
		7215E4851FDF84260068A0A8 /* AnchorView.swift */ = {isa = PBXFileReference; lastKnownFileType = sourcecode.swift; path = AnchorView.swift; sourceTree = "<group>"; };
		7215E4871FDFFF5A0068A0A8 /* TipViewTransition.swift */ = {isa = PBXFileReference; lastKnownFileType = sourcecode.swift; path = TipViewTransition.swift; sourceTree = "<group>"; };
		72B64FC41FDE3CC5007745DF /* TipView.app */ = {isa = PBXFileReference; explicitFileType = wrapper.application; includeInIndex = 0; path = TipView.app; sourceTree = BUILT_PRODUCTS_DIR; };
		72B64FC71FDE3CC5007745DF /* AppDelegate.swift */ = {isa = PBXFileReference; lastKnownFileType = sourcecode.swift; path = AppDelegate.swift; sourceTree = "<group>"; };
		72B64FC91FDE3CC5007745DF /* ViewController.swift */ = {isa = PBXFileReference; lastKnownFileType = sourcecode.swift; path = ViewController.swift; sourceTree = "<group>"; };
		72B64FCC1FDE3CC5007745DF /* Base */ = {isa = PBXFileReference; lastKnownFileType = file.storyboard; name = Base; path = Base.lproj/Main.storyboard; sourceTree = "<group>"; };
		72B64FCE1FDE3CC5007745DF /* Assets.xcassets */ = {isa = PBXFileReference; lastKnownFileType = folder.assetcatalog; path = Assets.xcassets; sourceTree = "<group>"; };
		72B64FD11FDE3CC5007745DF /* Base */ = {isa = PBXFileReference; lastKnownFileType = file.storyboard; name = Base; path = Base.lproj/LaunchScreen.storyboard; sourceTree = "<group>"; };
		72B64FD31FDE3CC5007745DF /* Info.plist */ = {isa = PBXFileReference; lastKnownFileType = text.plist.xml; path = Info.plist; sourceTree = "<group>"; };
		72B64FD91FDE3D3B007745DF /* TipView.swift */ = {isa = PBXFileReference; lastKnownFileType = sourcecode.swift; path = TipView.swift; sourceTree = "<group>"; };
/* End PBXFileReference section */

/* Begin PBXFrameworksBuildPhase section */
		72B64FC11FDE3CC5007745DF /* Frameworks */ = {
			isa = PBXFrameworksBuildPhase;
			buildActionMask = 2147483647;
			files = (
			);
			runOnlyForDeploymentPostprocessing = 0;
		};
/* End PBXFrameworksBuildPhase section */

/* Begin PBXGroup section */
		7215E4821FDF83230068A0A8 /* TipViewSource */ = {
			isa = PBXGroup;
			children = (
				72B64FD91FDE3D3B007745DF /* TipView.swift */,
				7215E4831FDF83620068A0A8 /* MessageView.swift */,
				7215E4851FDF84260068A0A8 /* AnchorView.swift */,
				7215E4871FDFFF5A0068A0A8 /* TipViewTransition.swift */,
			);
			path = TipViewSource;
			sourceTree = "<group>";
		};
		72B64FBB1FDE3CC5007745DF = {
			isa = PBXGroup;
			children = (
				72B64FC61FDE3CC5007745DF /* TipView */,
				72B64FC51FDE3CC5007745DF /* Products */,
			);
			sourceTree = "<group>";
		};
		72B64FC51FDE3CC5007745DF /* Products */ = {
			isa = PBXGroup;
			children = (
				72B64FC41FDE3CC5007745DF /* TipView.app */,
			);
			name = Products;
			sourceTree = "<group>";
		};
		72B64FC61FDE3CC5007745DF /* TipView */ = {
			isa = PBXGroup;
			children = (
				72B64FC71FDE3CC5007745DF /* AppDelegate.swift */,
				72B64FC91FDE3CC5007745DF /* ViewController.swift */,
				7215E4821FDF83230068A0A8 /* TipViewSource */,
				72B64FCB1FDE3CC5007745DF /* Main.storyboard */,
				72B64FCE1FDE3CC5007745DF /* Assets.xcassets */,
				72B64FD01FDE3CC5007745DF /* LaunchScreen.storyboard */,
				72B64FD31FDE3CC5007745DF /* Info.plist */,
			);
			path = TipView;
			sourceTree = "<group>";
		};
/* End PBXGroup section */

/* Begin PBXNativeTarget section */
		72B64FC31FDE3CC5007745DF /* TipView */ = {
			isa = PBXNativeTarget;
			buildConfigurationList = 72B64FD61FDE3CC5007745DF /* Build configuration list for PBXNativeTarget "TipView" */;
			buildPhases = (
				72B64FC01FDE3CC5007745DF /* Sources */,
				72B64FC11FDE3CC5007745DF /* Frameworks */,
				72B64FC21FDE3CC5007745DF /* Resources */,
			);
			buildRules = (
			);
			dependencies = (
			);
			name = TipView;
			productName = TipView;
			productReference = 72B64FC41FDE3CC5007745DF /* TipView.app */;
			productType = "com.apple.product-type.application";
		};
/* End PBXNativeTarget section */

/* Begin PBXProject section */
		72B64FBC1FDE3CC5007745DF /* Project object */ = {
			isa = PBXProject;
			attributes = {
				LastSwiftUpdateCheck = 0920;
				LastUpgradeCheck = 0920;
				ORGANIZATIONNAME = Personal;
				TargetAttributes = {
					72B64FC31FDE3CC5007745DF = {
						CreatedOnToolsVersion = 9.2;
						ProvisioningStyle = Manual;
					};
				};
			};
			buildConfigurationList = 72B64FBF1FDE3CC5007745DF /* Build configuration list for PBXProject "TipView" */;
			compatibilityVersion = "Xcode 8.0";
			developmentRegion = en;
			hasScannedForEncodings = 0;
			knownRegions = (
				en,
				Base,
			);
			mainGroup = 72B64FBB1FDE3CC5007745DF;
			productRefGroup = 72B64FC51FDE3CC5007745DF /* Products */;
			projectDirPath = "";
			projectRoot = "";
			targets = (
				72B64FC31FDE3CC5007745DF /* TipView */,
			);
		};
/* End PBXProject section */

/* Begin PBXResourcesBuildPhase section */
		72B64FC21FDE3CC5007745DF /* Resources */ = {
			isa = PBXResourcesBuildPhase;
			buildActionMask = 2147483647;
			files = (
				72B64FD21FDE3CC5007745DF /* LaunchScreen.storyboard in Resources */,
				72B64FCF1FDE3CC5007745DF /* Assets.xcassets in Resources */,
				72B64FCD1FDE3CC5007745DF /* Main.storyboard in Resources */,
			);
			runOnlyForDeploymentPostprocessing = 0;
		};
/* End PBXResourcesBuildPhase section */

/* Begin PBXSourcesBuildPhase section */
		72B64FC01FDE3CC5007745DF /* Sources */ = {
			isa = PBXSourcesBuildPhase;
			buildActionMask = 2147483647;
			files = (
				7215E4861FDF84260068A0A8 /* AnchorView.swift in Sources */,
				7215E4841FDF83620068A0A8 /* MessageView.swift in Sources */,
				72B64FCA1FDE3CC5007745DF /* ViewController.swift in Sources */,
				7215E4881FDFFF5A0068A0A8 /* TipViewTransition.swift in Sources */,
				72B64FC81FDE3CC5007745DF /* AppDelegate.swift in Sources */,
				72B64FDA1FDE3D3B007745DF /* TipView.swift in Sources */,
			);
			runOnlyForDeploymentPostprocessing = 0;
		};
/* End PBXSourcesBuildPhase section */

/* Begin PBXVariantGroup section */
		72B64FCB1FDE3CC5007745DF /* Main.storyboard */ = {
			isa = PBXVariantGroup;
			children = (
				72B64FCC1FDE3CC5007745DF /* Base */,
			);
			name = Main.storyboard;
			sourceTree = "<group>";
		};
		72B64FD01FDE3CC5007745DF /* LaunchScreen.storyboard */ = {
			isa = PBXVariantGroup;
			children = (
				72B64FD11FDE3CC5007745DF /* Base */,
			);
			name = LaunchScreen.storyboard;
			sourceTree = "<group>";
		};
/* End PBXVariantGroup section */

/* Begin XCBuildConfiguration section */
		72B64FD41FDE3CC5007745DF /* Debug */ = {
			isa = XCBuildConfiguration;
			buildSettings = {
				ALWAYS_SEARCH_USER_PATHS = NO;
				CLANG_ANALYZER_NONNULL = YES;
				CLANG_ANALYZER_NUMBER_OBJECT_CONVERSION = YES_AGGRESSIVE;
				CLANG_CXX_LANGUAGE_STANDARD = "gnu++14";
				CLANG_CXX_LIBRARY = "libc++";
				CLANG_ENABLE_MODULES = YES;
				CLANG_ENABLE_OBJC_ARC = YES;
				CLANG_WARN_BLOCK_CAPTURE_AUTORELEASING = YES;
				CLANG_WARN_BOOL_CONVERSION = YES;
				CLANG_WARN_COMMA = YES;
				CLANG_WARN_CONSTANT_CONVERSION = YES;
				CLANG_WARN_DIRECT_OBJC_ISA_USAGE = YES_ERROR;
				CLANG_WARN_DOCUMENTATION_COMMENTS = YES;
				CLANG_WARN_EMPTY_BODY = YES;
				CLANG_WARN_ENUM_CONVERSION = YES;
				CLANG_WARN_INFINITE_RECURSION = YES;
				CLANG_WARN_INT_CONVERSION = YES;
				CLANG_WARN_NON_LITERAL_NULL_CONVERSION = YES;
				CLANG_WARN_OBJC_LITERAL_CONVERSION = YES;
				CLANG_WARN_OBJC_ROOT_CLASS = YES_ERROR;
				CLANG_WARN_RANGE_LOOP_ANALYSIS = YES;
				CLANG_WARN_STRICT_PROTOTYPES = YES;
				CLANG_WARN_SUSPICIOUS_MOVE = YES;
				CLANG_WARN_UNGUARDED_AVAILABILITY = YES_AGGRESSIVE;
				CLANG_WARN_UNREACHABLE_CODE = YES;
				CLANG_WARN__DUPLICATE_METHOD_MATCH = YES;
				CODE_SIGN_IDENTITY = "iPhone Developer";
				COPY_PHASE_STRIP = NO;
				DEBUG_INFORMATION_FORMAT = dwarf;
				ENABLE_STRICT_OBJC_MSGSEND = YES;
				ENABLE_TESTABILITY = YES;
				GCC_C_LANGUAGE_STANDARD = gnu11;
				GCC_DYNAMIC_NO_PIC = NO;
				GCC_NO_COMMON_BLOCKS = YES;
				GCC_OPTIMIZATION_LEVEL = 0;
				GCC_PREPROCESSOR_DEFINITIONS = (
					"DEBUG=1",
					"$(inherited)",
				);
				GCC_WARN_64_TO_32_BIT_CONVERSION = YES;
				GCC_WARN_ABOUT_RETURN_TYPE = YES_ERROR;
				GCC_WARN_UNDECLARED_SELECTOR = YES;
				GCC_WARN_UNINITIALIZED_AUTOS = YES_AGGRESSIVE;
				GCC_WARN_UNUSED_FUNCTION = YES;
				GCC_WARN_UNUSED_VARIABLE = YES;
				IPHONEOS_DEPLOYMENT_TARGET = 11.2;
				MTL_ENABLE_DEBUG_INFO = YES;
				ONLY_ACTIVE_ARCH = YES;
				SDKROOT = iphoneos;
				SWIFT_ACTIVE_COMPILATION_CONDITIONS = DEBUG;
				SWIFT_OPTIMIZATION_LEVEL = "-Onone";
			};
			name = Debug;
		};
		72B64FD51FDE3CC5007745DF /* Release */ = {
			isa = XCBuildConfiguration;
			buildSettings = {
				ALWAYS_SEARCH_USER_PATHS = NO;
				CLANG_ANALYZER_NONNULL = YES;
				CLANG_ANALYZER_NUMBER_OBJECT_CONVERSION = YES_AGGRESSIVE;
				CLANG_CXX_LANGUAGE_STANDARD = "gnu++14";
				CLANG_CXX_LIBRARY = "libc++";
				CLANG_ENABLE_MODULES = YES;
				CLANG_ENABLE_OBJC_ARC = YES;
				CLANG_WARN_BLOCK_CAPTURE_AUTORELEASING = YES;
				CLANG_WARN_BOOL_CONVERSION = YES;
				CLANG_WARN_COMMA = YES;
				CLANG_WARN_CONSTANT_CONVERSION = YES;
				CLANG_WARN_DIRECT_OBJC_ISA_USAGE = YES_ERROR;
				CLANG_WARN_DOCUMENTATION_COMMENTS = YES;
				CLANG_WARN_EMPTY_BODY = YES;
				CLANG_WARN_ENUM_CONVERSION = YES;
				CLANG_WARN_INFINITE_RECURSION = YES;
				CLANG_WARN_INT_CONVERSION = YES;
				CLANG_WARN_NON_LITERAL_NULL_CONVERSION = YES;
				CLANG_WARN_OBJC_LITERAL_CONVERSION = YES;
				CLANG_WARN_OBJC_ROOT_CLASS = YES_ERROR;
				CLANG_WARN_RANGE_LOOP_ANALYSIS = YES;
				CLANG_WARN_STRICT_PROTOTYPES = YES;
				CLANG_WARN_SUSPICIOUS_MOVE = YES;
				CLANG_WARN_UNGUARDED_AVAILABILITY = YES_AGGRESSIVE;
				CLANG_WARN_UNREACHABLE_CODE = YES;
				CLANG_WARN__DUPLICATE_METHOD_MATCH = YES;
				CODE_SIGN_IDENTITY = "iPhone Developer";
				COPY_PHASE_STRIP = NO;
				DEBUG_INFORMATION_FORMAT = "dwarf-with-dsym";
				ENABLE_NS_ASSERTIONS = NO;
				ENABLE_STRICT_OBJC_MSGSEND = YES;
				GCC_C_LANGUAGE_STANDARD = gnu11;
				GCC_NO_COMMON_BLOCKS = YES;
				GCC_WARN_64_TO_32_BIT_CONVERSION = YES;
				GCC_WARN_ABOUT_RETURN_TYPE = YES_ERROR;
				GCC_WARN_UNDECLARED_SELECTOR = YES;
				GCC_WARN_UNINITIALIZED_AUTOS = YES_AGGRESSIVE;
				GCC_WARN_UNUSED_FUNCTION = YES;
				GCC_WARN_UNUSED_VARIABLE = YES;
				IPHONEOS_DEPLOYMENT_TARGET = 11.2;
				MTL_ENABLE_DEBUG_INFO = NO;
				SDKROOT = iphoneos;
				SWIFT_OPTIMIZATION_LEVEL = "-Owholemodule";
				VALIDATE_PRODUCT = YES;
			};
			name = Release;
		};
		72B64FD71FDE3CC5007745DF /* Debug */ = {
			isa = XCBuildConfiguration;
			buildSettings = {
				ASSETCATALOG_COMPILER_APPICON_NAME = AppIcon;
				CODE_SIGN_STYLE = Manual;
				DEVELOPMENT_TEAM = XVGME84A68;
				INFOPLIST_FILE = TipView/Info.plist;
				IPHONEOS_DEPLOYMENT_TARGET = 9.0;
				LD_RUNPATH_SEARCH_PATHS = "$(inherited) @executable_path/Frameworks";
				PRODUCT_BUNDLE_IDENTIFIER = com.hcl.hercules.int;
				PRODUCT_NAME = "$(TARGET_NAME)";
				PROVISIONING_PROFILE = "a67a6ec7-f114-4522-999f-5d75d5447093";
				PROVISIONING_PROFILE_SPECIFIER = MANUTDINT;
				SWIFT_VERSION = 4.0;
				TARGETED_DEVICE_FAMILY = "1,2";
			};
			name = Debug;
		};
		72B64FD81FDE3CC5007745DF /* Release */ = {
			isa = XCBuildConfiguration;
			buildSettings = {
				ASSETCATALOG_COMPILER_APPICON_NAME = AppIcon;
				CODE_SIGN_STYLE = Manual;
				DEVELOPMENT_TEAM = XVGME84A68;
				INFOPLIST_FILE = TipView/Info.plist;
				IPHONEOS_DEPLOYMENT_TARGET = 9.0;
				LD_RUNPATH_SEARCH_PATHS = "$(inherited) @executable_path/Frameworks";
				PRODUCT_BUNDLE_IDENTIFIER = com.hcl.hercules.int;
				PRODUCT_NAME = "$(TARGET_NAME)";
				PROVISIONING_PROFILE = "a67a6ec7-f114-4522-999f-5d75d5447093";
				PROVISIONING_PROFILE_SPECIFIER = MANUTDINT;
				SWIFT_VERSION = 4.0;
				TARGETED_DEVICE_FAMILY = "1,2";
			};
			name = Release;
		};
/* End XCBuildConfiguration section */

/* Begin XCConfigurationList section */
		72B64FBF1FDE3CC5007745DF /* Build configuration list for PBXProject "TipView" */ = {
			isa = XCConfigurationList;
			buildConfigurations = (
				72B64FD41FDE3CC5007745DF /* Debug */,
				72B64FD51FDE3CC5007745DF /* Release */,
			);
			defaultConfigurationIsVisible = 0;
			defaultConfigurationName = Release;
		};
		72B64FD61FDE3CC5007745DF /* Build configuration list for PBXNativeTarget "TipView" */ = {
			isa = XCConfigurationList;
			buildConfigurations = (
				72B64FD71FDE3CC5007745DF /* Debug */,
				72B64FD81FDE3CC5007745DF /* Release */,
			);
			defaultConfigurationIsVisible = 0;
			defaultConfigurationName = Release;
		};
/* End XCConfigurationList section */
	};
	rootObject = 72B64FBC1FDE3CC5007745DF /* Project object */;
}
